
Microsoft Visual Studio Solution File, Format Version 12.00
# Visual Studio Version 17
VisualStudioVersion = 17.4.33122.133
MinimumVisualStudioVersion = 10.0.40219.1
Project("{FAE04EC0-301F-11D3-BF4B-00C04F79EFBC}") = "Classifier", "Classifier.csproj", "{E3F16946-76B5-4587-B0EF-E251E6E8AE3F}"
EndProject
Global
	GlobalSection(SolutionConfigurationPlatforms) = preSolution
		Debug|Any CPU = Debug|Any CPU
		Release|Any CPU = Release|Any CPU
	EndGlobalSection
	GlobalSection(ProjectConfigurationPlatforms) = postSolution
		{E3F16946-76B5-4587-B0EF-E251E6E8AE3F}.Debug|Any CPU.ActiveCfg = Debug|Any CPU
		{E3F16946-76B5-4587-B0EF-E251E6E8AE3F}.Debug|Any CPU.Build.0 = Debug|Any CPU
		{E3F16946-76B5-4587-B0EF-E251E6E8AE3F}.Release|Any CPU.ActiveCfg = Release|Any CPU
		{E3F16946-76B5-4587-B0EF-E251E6E8AE3F}.Release|Any CPU.Build.0 = Release|Any CPU
	EndGlobalSection
	GlobalSection(SolutionProperties) = preSolution
		HideSolutionNode = FALSE
	EndGlobalSection
	GlobalSection(ExtensibilityGlobals) = postSolution
		SolutionGuid = {643DDF54-C532-4A09-85CD-A61E868C67F2}
	EndGlobalSection
EndGlobal
